
Microsoft Visual Studio Solution File, Format Version 12.00
# Visual Studio Version 16
VisualStudioVersion = 16.0.32126.315
MinimumVisualStudioVersion = 10.0.40219.1
Project("{9A19103F-16F7-4668-BE54-9A1E7A4F7556}") = "NationalParky", "NationalParky\NationalParky.csproj", "{1FB76C96-919F-49E9-BD52-3B0F99DA7DAB}"
EndProject
Project("{FAE04EC0-301F-11D3-BF4B-00C04F79EFBC}") = "ParkyWep", "ParkyWep\ParkyWep.csproj", "{3C7A5D30-7C89-4D81-93E4-27BD7790BD80}"
EndProject
Global
	GlobalSection(SolutionConfigurationPlatforms) = preSolution
		Debug|Any CPU = Debug|Any CPU
		Release|Any CPU = Release|Any CPU
	EndGlobalSection
	GlobalSection(ProjectConfigurationPlatforms) = postSolution
		{1FB76C96-919F-49E9-BD52-3B0F99DA7DAB}.Debug|Any CPU.ActiveCfg = Debug|Any CPU
		{1FB76C96-919F-49E9-BD52-3B0F99DA7DAB}.Debug|Any CPU.Build.0 = Debug|Any CPU
		{1FB76C96-919F-49E9-BD52-3B0F99DA7DAB}.Release|Any CPU.ActiveCfg = Release|Any CPU
		{1FB76C96-919F-49E9-BD52-3B0F99DA7DAB}.Release|Any CPU.Build.0 = Release|Any CPU
		{3C7A5D30-7C89-4D81-93E4-27BD7790BD80}.Debug|Any CPU.ActiveCfg = Debug|Any CPU
		{3C7A5D30-7C89-4D81-93E4-27BD7790BD80}.Debug|Any CPU.Build.0 = Debug|Any CPU
		{3C7A5D30-7C89-4D81-93E4-27BD7790BD80}.Release|Any CPU.ActiveCfg = Release|Any CPU
		{3C7A5D30-7C89-4D81-93E4-27BD7790BD80}.Release|Any CPU.Build.0 = Release|Any CPU
	EndGlobalSection
	GlobalSection(SolutionProperties) = preSolution
		HideSolutionNode = FALSE
	EndGlobalSection
	GlobalSection(ExtensibilityGlobals) = postSolution
		SolutionGuid = {01D341E2-C156-4411-93FC-D6401EDF2063}
	EndGlobalSection
EndGlobal
